
Microsoft Visual Studio Solution File, Format Version 12.00
# Visual Studio Version 17
VisualStudioVersion = 17.5.33424.131
MinimumVisualStudioVersion = 10.0.40219.1
Project("{8BC9CEB8-8B4A-11D0-8D11-00A0C91BC942}") = "ofstream", "ofstream\ofstream.vcxproj", "{7514F573-930C-4085-B47B-6DBB15632EC5}"
EndProject
Project("{8BC9CEB8-8B4A-11D0-8D11-00A0C91BC942}") = "iosFileWithPath", "iosFileWithPath\iosFileWithPath.vcxproj", "{515AB7A9-2DD8-4FC0-BBB4-6AB46FE49CBB}"
EndProject
Project("{8BC9CEB8-8B4A-11D0-8D11-00A0C91BC942}") = "tryException", "tryException\tryException.vcxproj", "{CD2D476B-619A-4B8C-970A-9A1FCD85108C}"
EndProject
Project("{8BC9CEB8-8B4A-11D0-8D11-00A0C91BC942}") = "exceptionStandard", "exceptionStandard\exceptionStandard.vcxproj", "{3029B252-4E30-447A-A3A7-6D1E9F6BB487}"
EndProject
Global
	GlobalSection(SolutionConfigurationPlatforms) = preSolution
		Debug|x64 = Debug|x64
		Debug|x86 = Debug|x86
		Release|x64 = Release|x64
		Release|x86 = Release|x86
	EndGlobalSection
	GlobalSection(ProjectConfigurationPlatforms) = postSolution
		{7514F573-930C-4085-B47B-6DBB15632EC5}.Debug|x64.ActiveCfg = Debug|x64
		{7514F573-930C-4085-B47B-6DBB15632EC5}.Debug|x64.Build.0 = Debug|x64
		{7514F573-930C-4085-B47B-6DBB15632EC5}.Debug|x86.ActiveCfg = Debug|Win32
		{7514F573-930C-4085-B47B-6DBB15632EC5}.Debug|x86.Build.0 = Debug|Win32
		{7514F573-930C-4085-B47B-6DBB15632EC5}.Release|x64.ActiveCfg = Release|x64
		{7514F573-930C-4085-B47B-6DBB15632EC5}.Release|x64.Build.0 = Release|x64
		{7514F573-930C-4085-B47B-6DBB15632EC5}.Release|x86.ActiveCfg = Release|Win32
		{7514F573-930C-4085-B47B-6DBB15632EC5}.Release|x86.Build.0 = Release|Win32
		{515AB7A9-2DD8-4FC0-BBB4-6AB46FE49CBB}.Debug|x64.ActiveCfg = Debug|x64
		{515AB7A9-2DD8-4FC0-BBB4-6AB46FE49CBB}.Debug|x64.Build.0 = Debug|x64
		{515AB7A9-2DD8-4FC0-BBB4-6AB46FE49CBB}.Debug|x86.ActiveCfg = Debug|Win32
		{515AB7A9-2DD8-4FC0-BBB4-6AB46FE49CBB}.Debug|x86.Build.0 = Debug|Win32
		{515AB7A9-2DD8-4FC0-BBB4-6AB46FE49CBB}.Release|x64.ActiveCfg = Release|x64
		{515AB7A9-2DD8-4FC0-BBB4-6AB46FE49CBB}.Release|x64.Build.0 = Release|x64
		{515AB7A9-2DD8-4FC0-BBB4-6AB46FE49CBB}.Release|x86.ActiveCfg = Release|Win32
		{515AB7A9-2DD8-4FC0-BBB4-6AB46FE49CBB}.Release|x86.Build.0 = Release|Win32
		{CD2D476B-619A-4B8C-970A-9A1FCD85108C}.Debug|x64.ActiveCfg = Debug|x64
		{CD2D476B-619A-4B8C-970A-9A1FCD85108C}.Debug|x64.Build.0 = Debug|x64
		{CD2D476B-619A-4B8C-970A-9A1FCD85108C}.Debug|x86.ActiveCfg = Debug|Win32
		{CD2D476B-619A-4B8C-970A-9A1FCD85108C}.Debug|x86.Build.0 = Debug|Win32
		{CD2D476B-619A-4B8C-970A-9A1FCD85108C}.Release|x64.ActiveCfg = Release|x64
		{CD2D476B-619A-4B8C-970A-9A1FCD85108C}.Release|x64.Build.0 = Release|x64
		{CD2D476B-619A-4B8C-970A-9A1FCD85108C}.Release|x86.ActiveCfg = Release|Win32
		{CD2D476B-619A-4B8C-970A-9A1FCD85108C}.Release|x86.Build.0 = Release|Win32
		{3029B252-4E30-447A-A3A7-6D1E9F6BB487}.Debug|x64.ActiveCfg = Debug|x64
		{3029B252-4E30-447A-A3A7-6D1E9F6BB487}.Debug|x64.Build.0 = Debug|x64
		{3029B252-4E30-447A-A3A7-6D1E9F6BB487}.Debug|x86.ActiveCfg = Debug|Win32
		{3029B252-4E30-447A-A3A7-6D1E9F6BB487}.Debug|x86.Build.0 = Debug|Win32
		{3029B252-4E30-447A-A3A7-6D1E9F6BB487}.Release|x64.ActiveCfg = Release|x64
		{3029B252-4E30-447A-A3A7-6D1E9F6BB487}.Release|x64.Build.0 = Release|x64
		{3029B252-4E30-447A-A3A7-6D1E9F6BB487}.Release|x86.ActiveCfg = Release|Win32
		{3029B252-4E30-447A-A3A7-6D1E9F6BB487}.Release|x86.Build.0 = Release|Win32
	EndGlobalSection
	GlobalSection(SolutionProperties) = preSolution
		HideSolutionNode = FALSE
	EndGlobalSection
	GlobalSection(ExtensibilityGlobals) = postSolution
		SolutionGuid = {079CFA6D-860C-4280-B70F-F53A06D5AD2E}
	EndGlobalSection
EndGlobal
